
Microsoft Visual Studio Solution File, Format Version 12.00
# Visual Studio 15
VisualStudioVersion = 15.0.27130.2027
MinimumVisualStudioVersion = 10.0.40219.1
Project("{FAE04EC0-301F-11D3-BF4B-00C04F79EFBC}") = "ClientApp", "ClientApp\ClientApp.csproj", "{2621766D-038F-4991-82AC-D634C9CA900D}"
EndProject
Project("{54435603-DBB4-11D2-8724-00A0C9A8B90C}") = "Datalogger_v2", "Datalogger_v2\Datalogger_v2.vdproj", "{5B89751B-BBB1-46D4-AEBD-C8277167A468}"
EndProject
Project("{2150E333-8FDC-42A3-9474-1A3956D46DE8}") = "Solution Items", "Solution Items", "{87C36DD6-A604-4BE6-B0F1-96CC9459848C}"
EndProject
Global
	GlobalSection(SolutionConfigurationPlatforms) = preSolution
		Debug|Any CPU = Debug|Any CPU
		Release|Any CPU = Release|Any CPU
	EndGlobalSection
	GlobalSection(ProjectConfigurationPlatforms) = postSolution
		{2621766D-038F-4991-82AC-D634C9CA900D}.Debug|Any CPU.ActiveCfg = Debug|Any CPU
		{2621766D-038F-4991-82AC-D634C9CA900D}.Debug|Any CPU.Build.0 = Debug|Any CPU
		{2621766D-038F-4991-82AC-D634C9CA900D}.Release|Any CPU.ActiveCfg = Release|Any CPU
		{2621766D-038F-4991-82AC-D634C9CA900D}.Release|Any CPU.Build.0 = Release|Any CPU
		{5B89751B-BBB1-46D4-AEBD-C8277167A468}.Debug|Any CPU.ActiveCfg = Debug
		{5B89751B-BBB1-46D4-AEBD-C8277167A468}.Release|Any CPU.ActiveCfg = Release
	EndGlobalSection
	GlobalSection(SolutionProperties) = preSolution
		HideSolutionNode = FALSE
	EndGlobalSection
	GlobalSection(ExtensibilityGlobals) = postSolution
		SolutionGuid = {FA32D26E-1474-4179-82B8-85B3CB5F13B2}
	EndGlobalSection
	GlobalSection(TeamFoundationVersionControl) = preSolution
		SccNumberOfProjects = 3
		SccEnterpriseProvider = {4CA58AB2-18FA-4F8D-95D4-32DDF27D184C}
		SccTeamFoundationServer = https://joao19995.visualstudio.com/
		SccLocalPath0 = .
		SccProjectUniqueName1 = ClientApp\\ClientApp.csproj
		SccProjectName1 = ClientApp
		SccLocalPath1 = ClientApp
		SccProjectUniqueName2 = Datalogger_v2\\Datalogger_v2.vdproj
		SccProjectName2 = Datalogger_v2
		SccLocalPath2 = Datalogger_v2
	EndGlobalSection
EndGlobal
